
Microsoft Visual Studio Solution File, Format Version 12.00
# Visual Studio Version 17
VisualStudioVersion = 17.4.33110.190
MinimumVisualStudioVersion = 10.0.40219.1
Project("{FAE04EC0-301F-11D3-BF4B-00C04F79EFBC}") = "UtilitiesGrpService", "UtilitiesGrpService\UtilitiesGrpService.csproj", "{11F991FC-BCE0-431A-BB1D-9C42E7016387}"
EndProject
Project("{9A19103F-16F7-4668-BE54-9A1E7A4F7556}") = "Utils", "..\MiscApiSolution\Utils\Utils.csproj", "{E10A72C1-8106-4C75-AB91-D47070900493}"
EndProject
Project("{FAE04EC0-301F-11D3-BF4B-00C04F79EFBC}") = "DemoClient", "DemoClient\DemoClient.csproj", "{76827C2F-AD3E-4154-9242-1481DF76B775}"
EndProject
Global
	GlobalSection(SolutionConfigurationPlatforms) = preSolution
		Debug|Any CPU = Debug|Any CPU
		Release|Any CPU = Release|Any CPU
	EndGlobalSection
	GlobalSection(ProjectConfigurationPlatforms) = postSolution
		{11F991FC-BCE0-431A-BB1D-9C42E7016387}.Debug|Any CPU.ActiveCfg = Debug|Any CPU
		{11F991FC-BCE0-431A-BB1D-9C42E7016387}.Debug|Any CPU.Build.0 = Debug|Any CPU
		{11F991FC-BCE0-431A-BB1D-9C42E7016387}.Release|Any CPU.ActiveCfg = Release|Any CPU
		{11F991FC-BCE0-431A-BB1D-9C42E7016387}.Release|Any CPU.Build.0 = Release|Any CPU
		{E10A72C1-8106-4C75-AB91-D47070900493}.Debug|Any CPU.ActiveCfg = Debug|Any CPU
		{E10A72C1-8106-4C75-AB91-D47070900493}.Debug|Any CPU.Build.0 = Debug|Any CPU
		{E10A72C1-8106-4C75-AB91-D47070900493}.Release|Any CPU.ActiveCfg = Release|Any CPU
		{E10A72C1-8106-4C75-AB91-D47070900493}.Release|Any CPU.Build.0 = Release|Any CPU
		{76827C2F-AD3E-4154-9242-1481DF76B775}.Debug|Any CPU.ActiveCfg = Debug|Any CPU
		{76827C2F-AD3E-4154-9242-1481DF76B775}.Debug|Any CPU.Build.0 = Debug|Any CPU
		{76827C2F-AD3E-4154-9242-1481DF76B775}.Release|Any CPU.ActiveCfg = Release|Any CPU
		{76827C2F-AD3E-4154-9242-1481DF76B775}.Release|Any CPU.Build.0 = Release|Any CPU
	EndGlobalSection
	GlobalSection(SolutionProperties) = preSolution
		HideSolutionNode = FALSE
	EndGlobalSection
	GlobalSection(ExtensibilityGlobals) = postSolution
		SolutionGuid = {75432083-7451-47BF-9768-379521AFD800}
	EndGlobalSection
EndGlobal
