
Microsoft Visual Studio Solution File, Format Version 12.00
# Visual Studio Version 17
VisualStudioVersion = 17.4.33110.190
MinimumVisualStudioVersion = 10.0.40219.1
Project("{FAE04EC0-301F-11D3-BF4B-00C04F79EFBC}") = "MiscApi.IntegrationTests", "MiscApi.IntegrationTests\MiscApi.IntegrationTests.csproj", "{C63C4BC9-2248-4008-AED3-B00F93033D02}"
EndProject
Project("{FAE04EC0-301F-11D3-BF4B-00C04F79EFBC}") = "MiscApi", "MiscApi\MiscApi.csproj", "{005B2A63-3A3C-4BB5-9E6C-82A6C74B8593}"
EndProject
Project("{FAE04EC0-301F-11D3-BF4B-00C04F79EFBC}") = "MiscApi.UnitTests", "MiscApi.UnitTests\MiscApi.UnitTests.csproj", "{1ADEA4B7-6470-4BD3-BA0C-48E432F0F056}"
EndProject
Global
	GlobalSection(SolutionConfigurationPlatforms) = preSolution
		Debug|Any CPU = Debug|Any CPU
		Release|Any CPU = Release|Any CPU
	EndGlobalSection
	GlobalSection(ProjectConfigurationPlatforms) = postSolution
		{C63C4BC9-2248-4008-AED3-B00F93033D02}.Debug|Any CPU.ActiveCfg = Debug|Any CPU
		{C63C4BC9-2248-4008-AED3-B00F93033D02}.Debug|Any CPU.Build.0 = Debug|Any CPU
		{C63C4BC9-2248-4008-AED3-B00F93033D02}.Release|Any CPU.ActiveCfg = Release|Any CPU
		{C63C4BC9-2248-4008-AED3-B00F93033D02}.Release|Any CPU.Build.0 = Release|Any CPU
		{005B2A63-3A3C-4BB5-9E6C-82A6C74B8593}.Debug|Any CPU.ActiveCfg = Debug|Any CPU
		{005B2A63-3A3C-4BB5-9E6C-82A6C74B8593}.Debug|Any CPU.Build.0 = Debug|Any CPU
		{005B2A63-3A3C-4BB5-9E6C-82A6C74B8593}.Release|Any CPU.ActiveCfg = Release|Any CPU
		{005B2A63-3A3C-4BB5-9E6C-82A6C74B8593}.Release|Any CPU.Build.0 = Release|Any CPU
		{1ADEA4B7-6470-4BD3-BA0C-48E432F0F056}.Debug|Any CPU.ActiveCfg = Debug|Any CPU
		{1ADEA4B7-6470-4BD3-BA0C-48E432F0F056}.Debug|Any CPU.Build.0 = Debug|Any CPU
		{1ADEA4B7-6470-4BD3-BA0C-48E432F0F056}.Release|Any CPU.ActiveCfg = Release|Any CPU
		{1ADEA4B7-6470-4BD3-BA0C-48E432F0F056}.Release|Any CPU.Build.0 = Release|Any CPU
	EndGlobalSection
	GlobalSection(SolutionProperties) = preSolution
		HideSolutionNode = FALSE
	EndGlobalSection
	GlobalSection(ExtensibilityGlobals) = postSolution
		SolutionGuid = {E5A34106-982C-4B1E-911C-D5E816FC4BB2}
	EndGlobalSection
EndGlobal
