
Microsoft Visual Studio Solution File, Format Version 12.00
# Visual Studio Version 17
VisualStudioVersion = 17.4.33110.190
MinimumVisualStudioVersion = 10.0.40219.1
Project("{FAE04EC0-301F-11D3-BF4B-00C04F79EFBC}") = "BankingDomain", "BankingDomain\BankingDomain.csproj", "{DA219C8C-A023-48E2-8230-3A622FA81750}"
EndProject
Project("{FAE04EC0-301F-11D3-BF4B-00C04F79EFBC}") = "Banking.UnitTests", "Banking.UnitTests\Banking.UnitTests.csproj", "{A6A8A434-9C81-45D8-9CB6-8989429FBA4D}"
EndProject
Global
	GlobalSection(SolutionConfigurationPlatforms) = preSolution
		Debug|Any CPU = Debug|Any CPU
		Release|Any CPU = Release|Any CPU
	EndGlobalSection
	GlobalSection(ProjectConfigurationPlatforms) = postSolution
		{DA219C8C-A023-48E2-8230-3A622FA81750}.Debug|Any CPU.ActiveCfg = Debug|Any CPU
		{DA219C8C-A023-48E2-8230-3A622FA81750}.Debug|Any CPU.Build.0 = Debug|Any CPU
		{DA219C8C-A023-48E2-8230-3A622FA81750}.Release|Any CPU.ActiveCfg = Release|Any CPU
		{DA219C8C-A023-48E2-8230-3A622FA81750}.Release|Any CPU.Build.0 = Release|Any CPU
		{A6A8A434-9C81-45D8-9CB6-8989429FBA4D}.Debug|Any CPU.ActiveCfg = Debug|Any CPU
		{A6A8A434-9C81-45D8-9CB6-8989429FBA4D}.Debug|Any CPU.Build.0 = Debug|Any CPU
		{A6A8A434-9C81-45D8-9CB6-8989429FBA4D}.Release|Any CPU.ActiveCfg = Release|Any CPU
		{A6A8A434-9C81-45D8-9CB6-8989429FBA4D}.Release|Any CPU.Build.0 = Release|Any CPU
	EndGlobalSection
	GlobalSection(SolutionProperties) = preSolution
		HideSolutionNode = FALSE
	EndGlobalSection
	GlobalSection(ExtensibilityGlobals) = postSolution
		SolutionGuid = {A8C799C5-B58F-452E-89B6-9261360A0313}
	EndGlobalSection
EndGlobal
